
Microsoft Visual Studio Solution File, Format Version 12.00
# Visual Studio Version 17
VisualStudioVersion = 17.0.31912.275
MinimumVisualStudioVersion = 10.0.40219.1
Project("{FAE04EC0-301F-11D3-BF4B-00C04F79EFBC}") = "ProjetoElevador", "ProjetoElevador\ProjetoElevador.csproj", "{2AF20D30-A369-456A-974C-D3DBAF691919}"
EndProject
Global
	GlobalSection(SolutionConfigurationPlatforms) = preSolution
		Debug|Any CPU = Debug|Any CPU
		Release|Any CPU = Release|Any CPU
	EndGlobalSection
	GlobalSection(ProjectConfigurationPlatforms) = postSolution
		{2AF20D30-A369-456A-974C-D3DBAF691919}.Debug|Any CPU.ActiveCfg = Debug|Any CPU
		{2AF20D30-A369-456A-974C-D3DBAF691919}.Debug|Any CPU.Build.0 = Debug|Any CPU
		{2AF20D30-A369-456A-974C-D3DBAF691919}.Release|Any CPU.ActiveCfg = Release|Any CPU
		{2AF20D30-A369-456A-974C-D3DBAF691919}.Release|Any CPU.Build.0 = Release|Any CPU
	EndGlobalSection
	GlobalSection(SolutionProperties) = preSolution
		HideSolutionNode = FALSE
	EndGlobalSection
	GlobalSection(ExtensibilityGlobals) = postSolution
		SolutionGuid = {4247141E-7940-45D0-8DC8-5C0C67C9BBD2}
	EndGlobalSection
EndGlobal
