
Microsoft Visual Studio Solution File, Format Version 12.00
# Visual Studio Version 17
VisualStudioVersion = 17.0.31912.275
MinimumVisualStudioVersion = 10.0.40219.1
Project("{FAE04EC0-301F-11D3-BF4B-00C04F79EFBC}") = "PrimeiroProjetoWeb", "PrimeiroProjetoWeb\PrimeiroProjetoWeb.csproj", "{3F4CABBF-764F-48A3-AD30-BFC179FF487A}"
EndProject
Global
	GlobalSection(SolutionConfigurationPlatforms) = preSolution
		Debug|Any CPU = Debug|Any CPU
		Release|Any CPU = Release|Any CPU
	EndGlobalSection
	GlobalSection(ProjectConfigurationPlatforms) = postSolution
		{3F4CABBF-764F-48A3-AD30-BFC179FF487A}.Debug|Any CPU.ActiveCfg = Debug|Any CPU
		{3F4CABBF-764F-48A3-AD30-BFC179FF487A}.Debug|Any CPU.Build.0 = Debug|Any CPU
		{3F4CABBF-764F-48A3-AD30-BFC179FF487A}.Release|Any CPU.ActiveCfg = Release|Any CPU
		{3F4CABBF-764F-48A3-AD30-BFC179FF487A}.Release|Any CPU.Build.0 = Release|Any CPU
	EndGlobalSection
	GlobalSection(SolutionProperties) = preSolution
		HideSolutionNode = FALSE
	EndGlobalSection
	GlobalSection(ExtensibilityGlobals) = postSolution
		SolutionGuid = {63EC8B03-C9F6-4C1F-BC00-BA1F789143E1}
	EndGlobalSection
EndGlobal
