
Microsoft Visual Studio Solution File, Format Version 12.00
# Visual Studio Version 17
VisualStudioVersion = 17.0.31912.275
MinimumVisualStudioVersion = 10.0.40219.1
Project("{FAE04EC0-301F-11D3-BF4B-00C04F79EFBC}") = "Aula02", "Aula02\Aula02.csproj", "{A0F0C44F-86BE-4BAA-9CE3-5F23A8FC449B}"
EndProject
Global
	GlobalSection(SolutionConfigurationPlatforms) = preSolution
		Debug|Any CPU = Debug|Any CPU
		Release|Any CPU = Release|Any CPU
	EndGlobalSection
	GlobalSection(ProjectConfigurationPlatforms) = postSolution
		{A0F0C44F-86BE-4BAA-9CE3-5F23A8FC449B}.Debug|Any CPU.ActiveCfg = Debug|Any CPU
		{A0F0C44F-86BE-4BAA-9CE3-5F23A8FC449B}.Debug|Any CPU.Build.0 = Debug|Any CPU
		{A0F0C44F-86BE-4BAA-9CE3-5F23A8FC449B}.Release|Any CPU.ActiveCfg = Release|Any CPU
		{A0F0C44F-86BE-4BAA-9CE3-5F23A8FC449B}.Release|Any CPU.Build.0 = Release|Any CPU
	EndGlobalSection
	GlobalSection(SolutionProperties) = preSolution
		HideSolutionNode = FALSE
	EndGlobalSection
	GlobalSection(ExtensibilityGlobals) = postSolution
		SolutionGuid = {4D369F81-5F73-47D4-AD40-951E5620BA2D}
	EndGlobalSection
EndGlobal
