
Microsoft Visual Studio Solution File, Format Version 12.00
# Visual Studio Version 17
VisualStudioVersion = 17.0.31912.275
MinimumVisualStudioVersion = 10.0.40219.1
Project("{FAE04EC0-301F-11D3-BF4B-00C04F79EFBC}") = "Ex01_Aula05", "Ex01_Aula05\Ex01_Aula05.csproj", "{10CDCE6F-BAE4-4B62-8746-3426EDD1F5A9}"
EndProject
Global
	GlobalSection(SolutionConfigurationPlatforms) = preSolution
		Debug|Any CPU = Debug|Any CPU
		Release|Any CPU = Release|Any CPU
	EndGlobalSection
	GlobalSection(ProjectConfigurationPlatforms) = postSolution
		{10CDCE6F-BAE4-4B62-8746-3426EDD1F5A9}.Debug|Any CPU.ActiveCfg = Debug|Any CPU
		{10CDCE6F-BAE4-4B62-8746-3426EDD1F5A9}.Debug|Any CPU.Build.0 = Debug|Any CPU
		{10CDCE6F-BAE4-4B62-8746-3426EDD1F5A9}.Release|Any CPU.ActiveCfg = Release|Any CPU
		{10CDCE6F-BAE4-4B62-8746-3426EDD1F5A9}.Release|Any CPU.Build.0 = Release|Any CPU
	EndGlobalSection
	GlobalSection(SolutionProperties) = preSolution
		HideSolutionNode = FALSE
	EndGlobalSection
	GlobalSection(ExtensibilityGlobals) = postSolution
		SolutionGuid = {E4A07285-CAEE-4759-B375-D1193739E249}
	EndGlobalSection
EndGlobal
